
Microsoft Visual Studio Solution File, Format Version 12.00
# Visual Studio 15
VisualStudioVersion = 15.0.26730.16
MinimumVisualStudioVersion = 10.0.40219.1
Project("{9A19103F-16F7-4668-BE54-9A1E7A4F7556}") = "01_SchoolCompetition", "01_SchoolCompetition\01_SchoolCompetition.csproj", "{6CB567B0-8279-4D8F-A0A6-3D9F58A8AB65}"
EndProject
Project("{9A19103F-16F7-4668-BE54-9A1E7A4F7556}") = "02_OneToManyRelation", "02_OneToManyRelation\02_OneToManyRelation.csproj", "{14CA0ECC-60F3-4CD6-BBEA-7F005F677C25}"
EndProject
Project("{9A19103F-16F7-4668-BE54-9A1E7A4F7556}") = "03_SelfReferencedTable", "03_SelfReferencedTable\03_SelfReferencedTable.csproj", "{B16ABE01-B509-4133-AC4C-B7060F916004}"
EndProject
Project("{FAE04EC0-301F-11D3-BF4B-00C04F79EFBC}") = "04_ManyToManyRelation", "04_ManyToManyRelation\04_ManyToManyRelation.csproj", "{5FF14CC9-1A37-4E7C-BEB3-FB6E2B7A4C6D}"
EndProject
Project("{FAE04EC0-301F-11D3-BF4B-00C04F79EFBC}") = "ShopHierarchy", "ShopHierarchy\ShopHierarchy.csproj", "{5A2A16AF-6F37-4487-81A1-C02C9C63DC96}"
EndProject
Global
	GlobalSection(SolutionConfigurationPlatforms) = preSolution
		Debug|Any CPU = Debug|Any CPU
		Release|Any CPU = Release|Any CPU
	EndGlobalSection
	GlobalSection(ProjectConfigurationPlatforms) = postSolution
		{6CB567B0-8279-4D8F-A0A6-3D9F58A8AB65}.Debug|Any CPU.ActiveCfg = Debug|Any CPU
		{6CB567B0-8279-4D8F-A0A6-3D9F58A8AB65}.Debug|Any CPU.Build.0 = Debug|Any CPU
		{6CB567B0-8279-4D8F-A0A6-3D9F58A8AB65}.Release|Any CPU.ActiveCfg = Release|Any CPU
		{6CB567B0-8279-4D8F-A0A6-3D9F58A8AB65}.Release|Any CPU.Build.0 = Release|Any CPU
		{14CA0ECC-60F3-4CD6-BBEA-7F005F677C25}.Debug|Any CPU.ActiveCfg = Debug|Any CPU
		{14CA0ECC-60F3-4CD6-BBEA-7F005F677C25}.Debug|Any CPU.Build.0 = Debug|Any CPU
		{14CA0ECC-60F3-4CD6-BBEA-7F005F677C25}.Release|Any CPU.ActiveCfg = Release|Any CPU
		{14CA0ECC-60F3-4CD6-BBEA-7F005F677C25}.Release|Any CPU.Build.0 = Release|Any CPU
		{B16ABE01-B509-4133-AC4C-B7060F916004}.Debug|Any CPU.ActiveCfg = Debug|Any CPU
		{B16ABE01-B509-4133-AC4C-B7060F916004}.Debug|Any CPU.Build.0 = Debug|Any CPU
		{B16ABE01-B509-4133-AC4C-B7060F916004}.Release|Any CPU.ActiveCfg = Release|Any CPU
		{B16ABE01-B509-4133-AC4C-B7060F916004}.Release|Any CPU.Build.0 = Release|Any CPU
		{5FF14CC9-1A37-4E7C-BEB3-FB6E2B7A4C6D}.Debug|Any CPU.ActiveCfg = Debug|Any CPU
		{5FF14CC9-1A37-4E7C-BEB3-FB6E2B7A4C6D}.Debug|Any CPU.Build.0 = Debug|Any CPU
		{5FF14CC9-1A37-4E7C-BEB3-FB6E2B7A4C6D}.Release|Any CPU.ActiveCfg = Release|Any CPU
		{5FF14CC9-1A37-4E7C-BEB3-FB6E2B7A4C6D}.Release|Any CPU.Build.0 = Release|Any CPU
		{5A2A16AF-6F37-4487-81A1-C02C9C63DC96}.Debug|Any CPU.ActiveCfg = Debug|Any CPU
		{5A2A16AF-6F37-4487-81A1-C02C9C63DC96}.Debug|Any CPU.Build.0 = Debug|Any CPU
		{5A2A16AF-6F37-4487-81A1-C02C9C63DC96}.Release|Any CPU.ActiveCfg = Release|Any CPU
		{5A2A16AF-6F37-4487-81A1-C02C9C63DC96}.Release|Any CPU.Build.0 = Release|Any CPU
	EndGlobalSection
	GlobalSection(SolutionProperties) = preSolution
		HideSolutionNode = FALSE
	EndGlobalSection
	GlobalSection(ExtensibilityGlobals) = postSolution
		SolutionGuid = {DBE6954F-770E-45FE-8D0D-686E80E2E690}
	EndGlobalSection
EndGlobal
