
Microsoft Visual Studio Solution File, Format Version 12.00
# Visual Studio 15
VisualStudioVersion = 15.0.26730.16
MinimumVisualStudioVersion = 10.0.40219.1
Project("{FAE04EC0-301F-11D3-BF4B-00C04F79EFBC}") = "1.URLDecode", "1.URLDecode\1.URLDecode.csproj", "{2BD6CDDD-BEC5-4996-816F-F925CF937D2E}"
EndProject
Project("{FAE04EC0-301F-11D3-BF4B-00C04F79EFBC}") = "2.ValidateURL", "2.ValidateURL\2.ValidateURL.csproj", "{66A91FB6-02FE-4E4A-9B4D-6A748A9A4D41}"
EndProject
Project("{FAE04EC0-301F-11D3-BF4B-00C04F79EFBC}") = "3.RequestParser", "3.RequestParser\3.RequestParser.csproj", "{D60CFFE4-2382-4F14-87F6-C5AA553637C0}"
EndProject
Global
	GlobalSection(SolutionConfigurationPlatforms) = preSolution
		Debug|Any CPU = Debug|Any CPU
		Release|Any CPU = Release|Any CPU
	EndGlobalSection
	GlobalSection(ProjectConfigurationPlatforms) = postSolution
		{2BD6CDDD-BEC5-4996-816F-F925CF937D2E}.Debug|Any CPU.ActiveCfg = Debug|Any CPU
		{2BD6CDDD-BEC5-4996-816F-F925CF937D2E}.Debug|Any CPU.Build.0 = Debug|Any CPU
		{2BD6CDDD-BEC5-4996-816F-F925CF937D2E}.Release|Any CPU.ActiveCfg = Release|Any CPU
		{2BD6CDDD-BEC5-4996-816F-F925CF937D2E}.Release|Any CPU.Build.0 = Release|Any CPU
		{66A91FB6-02FE-4E4A-9B4D-6A748A9A4D41}.Debug|Any CPU.ActiveCfg = Debug|Any CPU
		{66A91FB6-02FE-4E4A-9B4D-6A748A9A4D41}.Debug|Any CPU.Build.0 = Debug|Any CPU
		{66A91FB6-02FE-4E4A-9B4D-6A748A9A4D41}.Release|Any CPU.ActiveCfg = Release|Any CPU
		{66A91FB6-02FE-4E4A-9B4D-6A748A9A4D41}.Release|Any CPU.Build.0 = Release|Any CPU
		{D60CFFE4-2382-4F14-87F6-C5AA553637C0}.Debug|Any CPU.ActiveCfg = Debug|Any CPU
		{D60CFFE4-2382-4F14-87F6-C5AA553637C0}.Debug|Any CPU.Build.0 = Debug|Any CPU
		{D60CFFE4-2382-4F14-87F6-C5AA553637C0}.Release|Any CPU.ActiveCfg = Release|Any CPU
		{D60CFFE4-2382-4F14-87F6-C5AA553637C0}.Release|Any CPU.Build.0 = Release|Any CPU
	EndGlobalSection
	GlobalSection(SolutionProperties) = preSolution
		HideSolutionNode = FALSE
	EndGlobalSection
	GlobalSection(ExtensibilityGlobals) = postSolution
		SolutionGuid = {D5E29AA7-2BBB-4CD1-8718-A82D1A180A57}
	EndGlobalSection
EndGlobal
