
Microsoft Visual Studio Solution File, Format Version 12.00
# Visual Studio 14
VisualStudioVersion = 14.0.23107.0
MinimumVisualStudioVersion = 10.0.40219.1
Project("{FAE04EC0-301F-11D3-BF4B-00C04F79EFBC}") = "01.ReverseString", "01.ReverseString\01.ReverseString.csproj", "{F0586505-3ACF-499D-BA80-F756366CCDB2}"
EndProject
Project("{FAE04EC0-301F-11D3-BF4B-00C04F79EFBC}") = "02.StringLength", "02.StringLength\02.StringLength.csproj", "{AC7ABDE1-0501-4782-8A29-FC58F4996E29}"
EndProject
Project("{FAE04EC0-301F-11D3-BF4B-00C04F79EFBC}") = "03.CountSubstringOccurrences", "03.CountSubstringOccurrences\03.CountSubstringOccurrences.csproj", "{3BE10FC3-F359-4618-804E-13E8DE392DCE}"
EndProject
Project("{FAE04EC0-301F-11D3-BF4B-00C04F79EFBC}") = "04.TextFilter", "04.TextFilter\04.TextFilter.csproj", "{B7444FAF-7D13-47C3-A881-76E38622B247}"
EndProject
Project("{FAE04EC0-301F-11D3-BF4B-00C04F79EFBC}") = "05.UnicodeCharacters", "05.UnicodeCharacters\05.UnicodeCharacters.csproj", "{81439291-ABB8-4713-9241-6FEE04B2BABB}"
EndProject
Project("{FAE04EC0-301F-11D3-BF4B-00C04F79EFBC}") = "06.Palindromes", "06.Palindromes\06.Palindromes.csproj", "{E58DD54E-ABAC-47D5-8468-79D0A4522765}"
EndProject
Project("{FAE04EC0-301F-11D3-BF4B-00C04F79EFBC}") = "07.LettersChangeNumbers", "07.LettersChangeNumbers\07.LettersChangeNumbers.csproj", "{D88C2E1E-858E-4E0B-A711-BB3F734A1FA6}"
EndProject
Global
	GlobalSection(SolutionConfigurationPlatforms) = preSolution
		Debug|Any CPU = Debug|Any CPU
		Release|Any CPU = Release|Any CPU
	EndGlobalSection
	GlobalSection(ProjectConfigurationPlatforms) = postSolution
		{F0586505-3ACF-499D-BA80-F756366CCDB2}.Debug|Any CPU.ActiveCfg = Debug|Any CPU
		{F0586505-3ACF-499D-BA80-F756366CCDB2}.Debug|Any CPU.Build.0 = Debug|Any CPU
		{F0586505-3ACF-499D-BA80-F756366CCDB2}.Release|Any CPU.ActiveCfg = Release|Any CPU
		{F0586505-3ACF-499D-BA80-F756366CCDB2}.Release|Any CPU.Build.0 = Release|Any CPU
		{AC7ABDE1-0501-4782-8A29-FC58F4996E29}.Debug|Any CPU.ActiveCfg = Debug|Any CPU
		{AC7ABDE1-0501-4782-8A29-FC58F4996E29}.Debug|Any CPU.Build.0 = Debug|Any CPU
		{AC7ABDE1-0501-4782-8A29-FC58F4996E29}.Release|Any CPU.ActiveCfg = Release|Any CPU
		{AC7ABDE1-0501-4782-8A29-FC58F4996E29}.Release|Any CPU.Build.0 = Release|Any CPU
		{3BE10FC3-F359-4618-804E-13E8DE392DCE}.Debug|Any CPU.ActiveCfg = Debug|Any CPU
		{3BE10FC3-F359-4618-804E-13E8DE392DCE}.Debug|Any CPU.Build.0 = Debug|Any CPU
		{3BE10FC3-F359-4618-804E-13E8DE392DCE}.Release|Any CPU.ActiveCfg = Release|Any CPU
		{3BE10FC3-F359-4618-804E-13E8DE392DCE}.Release|Any CPU.Build.0 = Release|Any CPU
		{B7444FAF-7D13-47C3-A881-76E38622B247}.Debug|Any CPU.ActiveCfg = Debug|Any CPU
		{B7444FAF-7D13-47C3-A881-76E38622B247}.Debug|Any CPU.Build.0 = Debug|Any CPU
		{B7444FAF-7D13-47C3-A881-76E38622B247}.Release|Any CPU.ActiveCfg = Release|Any CPU
		{B7444FAF-7D13-47C3-A881-76E38622B247}.Release|Any CPU.Build.0 = Release|Any CPU
		{81439291-ABB8-4713-9241-6FEE04B2BABB}.Debug|Any CPU.ActiveCfg = Debug|Any CPU
		{81439291-ABB8-4713-9241-6FEE04B2BABB}.Debug|Any CPU.Build.0 = Debug|Any CPU
		{81439291-ABB8-4713-9241-6FEE04B2BABB}.Release|Any CPU.ActiveCfg = Release|Any CPU
		{81439291-ABB8-4713-9241-6FEE04B2BABB}.Release|Any CPU.Build.0 = Release|Any CPU
		{E58DD54E-ABAC-47D5-8468-79D0A4522765}.Debug|Any CPU.ActiveCfg = Debug|Any CPU
		{E58DD54E-ABAC-47D5-8468-79D0A4522765}.Debug|Any CPU.Build.0 = Debug|Any CPU
		{E58DD54E-ABAC-47D5-8468-79D0A4522765}.Release|Any CPU.ActiveCfg = Release|Any CPU
		{E58DD54E-ABAC-47D5-8468-79D0A4522765}.Release|Any CPU.Build.0 = Release|Any CPU
		{D88C2E1E-858E-4E0B-A711-BB3F734A1FA6}.Debug|Any CPU.ActiveCfg = Debug|Any CPU
		{D88C2E1E-858E-4E0B-A711-BB3F734A1FA6}.Debug|Any CPU.Build.0 = Debug|Any CPU
		{D88C2E1E-858E-4E0B-A711-BB3F734A1FA6}.Release|Any CPU.ActiveCfg = Release|Any CPU
		{D88C2E1E-858E-4E0B-A711-BB3F734A1FA6}.Release|Any CPU.Build.0 = Release|Any CPU
	EndGlobalSection
	GlobalSection(SolutionProperties) = preSolution
		HideSolutionNode = FALSE
	EndGlobalSection
EndGlobal
