
Microsoft Visual Studio Solution File, Format Version 12.00
# Visual Studio 14
VisualStudioVersion = 14.0.24720.0
MinimumVisualStudioVersion = 10.0.40219.1
Project("{FAE04EC0-301F-11D3-BF4B-00C04F79EFBC}") = "Problem1Permutations", "Problem1Permutations\Problem1Permutations.csproj", "{A6FAF076-C99C-4604-BB8C-8DF997657162}"
EndProject
Project("{FAE04EC0-301F-11D3-BF4B-00C04F79EFBC}") = "Problem2GeneratePermutationsIteratively", "Problem2GeneratePermutationsIteratively\Problem2GeneratePermutationsIteratively.csproj", "{77DA11C2-C2A8-4859-9EF0-1570B2EFEC0F}"
EndProject
Project("{FAE04EC0-301F-11D3-BF4B-00C04F79EFBC}") = "Problem3GenerateCombinationsIteratively", "Problem3GenerateCombinationsIteratively\Problem3GenerateCombinationsIteratively.csproj", "{68FE1C7E-E3A0-4686-B688-E398E0264FDE}"
EndProject
Project("{FAE04EC0-301F-11D3-BF4B-00C04F79EFBC}") = "Problem4GenerateSubsetsOfStringArray", "Problem4GenerateSubsetsOfStringArray\Problem4GenerateSubsetsOfStringArray.csproj", "{86D46EA2-94E8-416B-9F55-B3AA26D0AD05}"
EndProject
Project("{FAE04EC0-301F-11D3-BF4B-00C04F79EFBC}") = "Problem5PermutationsWithRepetition", "Problem5PermutationsWithRepetition\Problem5PermutationsWithRepetition.csproj", "{962E45AC-CFEE-406F-9696-764C2B7CD135}"
EndProject
Project("{FAE04EC0-301F-11D3-BF4B-00C04F79EFBC}") = "Problem6Snakes", "Problem6Snakes\Problem6Snakes.csproj", "{D710CB6D-9BB5-4CBD-89B3-EDC6DE0A0BBD}"
EndProject
Project("{FAE04EC0-301F-11D3-BF4B-00C04F79EFBC}") = "Problem7Cubes", "Problem7Cubes\Problem7Cubes.csproj", "{1A3FA095-296B-4402-AC4C-567DB796A3D2}"
EndProject
Global
	GlobalSection(SolutionConfigurationPlatforms) = preSolution
		Debug|Any CPU = Debug|Any CPU
		Release|Any CPU = Release|Any CPU
	EndGlobalSection
	GlobalSection(ProjectConfigurationPlatforms) = postSolution
		{A6FAF076-C99C-4604-BB8C-8DF997657162}.Debug|Any CPU.ActiveCfg = Debug|Any CPU
		{A6FAF076-C99C-4604-BB8C-8DF997657162}.Debug|Any CPU.Build.0 = Debug|Any CPU
		{A6FAF076-C99C-4604-BB8C-8DF997657162}.Release|Any CPU.ActiveCfg = Release|Any CPU
		{A6FAF076-C99C-4604-BB8C-8DF997657162}.Release|Any CPU.Build.0 = Release|Any CPU
		{77DA11C2-C2A8-4859-9EF0-1570B2EFEC0F}.Debug|Any CPU.ActiveCfg = Debug|Any CPU
		{77DA11C2-C2A8-4859-9EF0-1570B2EFEC0F}.Debug|Any CPU.Build.0 = Debug|Any CPU
		{77DA11C2-C2A8-4859-9EF0-1570B2EFEC0F}.Release|Any CPU.ActiveCfg = Release|Any CPU
		{77DA11C2-C2A8-4859-9EF0-1570B2EFEC0F}.Release|Any CPU.Build.0 = Release|Any CPU
		{68FE1C7E-E3A0-4686-B688-E398E0264FDE}.Debug|Any CPU.ActiveCfg = Debug|Any CPU
		{68FE1C7E-E3A0-4686-B688-E398E0264FDE}.Debug|Any CPU.Build.0 = Debug|Any CPU
		{68FE1C7E-E3A0-4686-B688-E398E0264FDE}.Release|Any CPU.ActiveCfg = Release|Any CPU
		{68FE1C7E-E3A0-4686-B688-E398E0264FDE}.Release|Any CPU.Build.0 = Release|Any CPU
		{86D46EA2-94E8-416B-9F55-B3AA26D0AD05}.Debug|Any CPU.ActiveCfg = Debug|Any CPU
		{86D46EA2-94E8-416B-9F55-B3AA26D0AD05}.Debug|Any CPU.Build.0 = Debug|Any CPU
		{86D46EA2-94E8-416B-9F55-B3AA26D0AD05}.Release|Any CPU.ActiveCfg = Release|Any CPU
		{86D46EA2-94E8-416B-9F55-B3AA26D0AD05}.Release|Any CPU.Build.0 = Release|Any CPU
		{962E45AC-CFEE-406F-9696-764C2B7CD135}.Debug|Any CPU.ActiveCfg = Debug|Any CPU
		{962E45AC-CFEE-406F-9696-764C2B7CD135}.Debug|Any CPU.Build.0 = Debug|Any CPU
		{962E45AC-CFEE-406F-9696-764C2B7CD135}.Release|Any CPU.ActiveCfg = Release|Any CPU
		{962E45AC-CFEE-406F-9696-764C2B7CD135}.Release|Any CPU.Build.0 = Release|Any CPU
		{D710CB6D-9BB5-4CBD-89B3-EDC6DE0A0BBD}.Debug|Any CPU.ActiveCfg = Debug|Any CPU
		{D710CB6D-9BB5-4CBD-89B3-EDC6DE0A0BBD}.Debug|Any CPU.Build.0 = Debug|Any CPU
		{D710CB6D-9BB5-4CBD-89B3-EDC6DE0A0BBD}.Release|Any CPU.ActiveCfg = Release|Any CPU
		{D710CB6D-9BB5-4CBD-89B3-EDC6DE0A0BBD}.Release|Any CPU.Build.0 = Release|Any CPU
		{1A3FA095-296B-4402-AC4C-567DB796A3D2}.Debug|Any CPU.ActiveCfg = Debug|Any CPU
		{1A3FA095-296B-4402-AC4C-567DB796A3D2}.Debug|Any CPU.Build.0 = Debug|Any CPU
		{1A3FA095-296B-4402-AC4C-567DB796A3D2}.Release|Any CPU.ActiveCfg = Release|Any CPU
		{1A3FA095-296B-4402-AC4C-567DB796A3D2}.Release|Any CPU.Build.0 = Release|Any CPU
	EndGlobalSection
	GlobalSection(SolutionProperties) = preSolution
		HideSolutionNode = FALSE
	EndGlobalSection
EndGlobal
