
Microsoft Visual Studio Solution File, Format Version 12.00
# Visual Studio 14
VisualStudioVersion = 14.0.24720.0
MinimumVisualStudioVersion = 10.0.40219.1
Project("{FAE04EC0-301F-11D3-BF4B-00C04F79EFBC}") = "Sortable-Collection", "Sortable-Collection\Sortable-Collection.csproj", "{01E33253-5A8E-407D-A1D1-318FC070282A}"
EndProject
Project("{FAE04EC0-301F-11D3-BF4B-00C04F79EFBC}") = "Sortable-Collection.Tests", "Sortable-Collection.Tests\Sortable-Collection.Tests.csproj", "{789E4757-15E3-453D-ACAC-F5D5553521FF}"
EndProject
Project("{FAE04EC0-301F-11D3-BF4B-00C04F79EFBC}") = "Problem8Needles", "Problem8Needles\Problem8Needles.csproj", "{DF3EF1D0-8F9A-4438-B8AF-CE9EC764EC4B}"
EndProject
Project("{FAE04EC0-301F-11D3-BF4B-00C04F79EFBC}") = "Problem7Words", "Problem7Words\Problem7Words.csproj", "{52C68A8A-F44E-4D28-9A14-BC79D3AC12B0}"
EndProject
Global
	GlobalSection(SolutionConfigurationPlatforms) = preSolution
		Debug|Any CPU = Debug|Any CPU
		Release|Any CPU = Release|Any CPU
	EndGlobalSection
	GlobalSection(ProjectConfigurationPlatforms) = postSolution
		{01E33253-5A8E-407D-A1D1-318FC070282A}.Debug|Any CPU.ActiveCfg = Debug|Any CPU
		{01E33253-5A8E-407D-A1D1-318FC070282A}.Debug|Any CPU.Build.0 = Debug|Any CPU
		{01E33253-5A8E-407D-A1D1-318FC070282A}.Release|Any CPU.ActiveCfg = Release|Any CPU
		{01E33253-5A8E-407D-A1D1-318FC070282A}.Release|Any CPU.Build.0 = Release|Any CPU
		{789E4757-15E3-453D-ACAC-F5D5553521FF}.Debug|Any CPU.ActiveCfg = Debug|Any CPU
		{789E4757-15E3-453D-ACAC-F5D5553521FF}.Debug|Any CPU.Build.0 = Debug|Any CPU
		{789E4757-15E3-453D-ACAC-F5D5553521FF}.Release|Any CPU.ActiveCfg = Release|Any CPU
		{789E4757-15E3-453D-ACAC-F5D5553521FF}.Release|Any CPU.Build.0 = Release|Any CPU
		{DF3EF1D0-8F9A-4438-B8AF-CE9EC764EC4B}.Debug|Any CPU.ActiveCfg = Debug|Any CPU
		{DF3EF1D0-8F9A-4438-B8AF-CE9EC764EC4B}.Debug|Any CPU.Build.0 = Debug|Any CPU
		{DF3EF1D0-8F9A-4438-B8AF-CE9EC764EC4B}.Release|Any CPU.ActiveCfg = Release|Any CPU
		{DF3EF1D0-8F9A-4438-B8AF-CE9EC764EC4B}.Release|Any CPU.Build.0 = Release|Any CPU
		{52C68A8A-F44E-4D28-9A14-BC79D3AC12B0}.Debug|Any CPU.ActiveCfg = Debug|Any CPU
		{52C68A8A-F44E-4D28-9A14-BC79D3AC12B0}.Debug|Any CPU.Build.0 = Debug|Any CPU
		{52C68A8A-F44E-4D28-9A14-BC79D3AC12B0}.Release|Any CPU.ActiveCfg = Release|Any CPU
		{52C68A8A-F44E-4D28-9A14-BC79D3AC12B0}.Release|Any CPU.Build.0 = Release|Any CPU
	EndGlobalSection
	GlobalSection(SolutionProperties) = preSolution
		HideSolutionNode = FALSE
	EndGlobalSection
EndGlobal
