
Microsoft Visual Studio Solution File, Format Version 12.00
# Visual Studio 14
VisualStudioVersion = 14.0.25420.1
MinimumVisualStudioVersion = 10.0.40219.1
Project("{FAE04EC0-301F-11D3-BF4B-00C04F79EFBC}") = "BookshopSystem", "BookshopSystem\BookshopSystem.csproj", "{C47909E3-195D-4F82-B5CC-D41C8CB0C1CD}"
EndProject
Project("{FAE04EC0-301F-11D3-BF4B-00C04F79EFBC}") = "SoftUni", "2.CallStoredProcedure\SoftUni.csproj", "{180430C1-A959-434D-AD77-E50D258A6FDC}"
EndProject
Project("{FAE04EC0-301F-11D3-BF4B-00C04F79EFBC}") = "Gringotts", "Gringotts\Gringotts.csproj", "{63FF494C-B604-4562-A186-CC86771D27F6}"
EndProject
Global
	GlobalSection(SolutionConfigurationPlatforms) = preSolution
		Debug|Any CPU = Debug|Any CPU
		Release|Any CPU = Release|Any CPU
	EndGlobalSection
	GlobalSection(ProjectConfigurationPlatforms) = postSolution
		{C47909E3-195D-4F82-B5CC-D41C8CB0C1CD}.Debug|Any CPU.ActiveCfg = Debug|Any CPU
		{C47909E3-195D-4F82-B5CC-D41C8CB0C1CD}.Debug|Any CPU.Build.0 = Debug|Any CPU
		{C47909E3-195D-4F82-B5CC-D41C8CB0C1CD}.Release|Any CPU.ActiveCfg = Release|Any CPU
		{C47909E3-195D-4F82-B5CC-D41C8CB0C1CD}.Release|Any CPU.Build.0 = Release|Any CPU
		{180430C1-A959-434D-AD77-E50D258A6FDC}.Debug|Any CPU.ActiveCfg = Debug|Any CPU
		{180430C1-A959-434D-AD77-E50D258A6FDC}.Debug|Any CPU.Build.0 = Debug|Any CPU
		{180430C1-A959-434D-AD77-E50D258A6FDC}.Release|Any CPU.ActiveCfg = Release|Any CPU
		{180430C1-A959-434D-AD77-E50D258A6FDC}.Release|Any CPU.Build.0 = Release|Any CPU
		{63FF494C-B604-4562-A186-CC86771D27F6}.Debug|Any CPU.ActiveCfg = Debug|Any CPU
		{63FF494C-B604-4562-A186-CC86771D27F6}.Debug|Any CPU.Build.0 = Debug|Any CPU
		{63FF494C-B604-4562-A186-CC86771D27F6}.Release|Any CPU.ActiveCfg = Release|Any CPU
		{63FF494C-B604-4562-A186-CC86771D27F6}.Release|Any CPU.Build.0 = Release|Any CPU
	EndGlobalSection
	GlobalSection(SolutionProperties) = preSolution
		HideSolutionNode = FALSE
	EndGlobalSection
EndGlobal
