
Microsoft Visual Studio Solution File, Format Version 12.00
# Visual Studio 14
VisualStudioVersion = 14.0.23107.0
MinimumVisualStudioVersion = 10.0.40219.1
Project("{FAE04EC0-301F-11D3-BF4B-00C04F79EFBC}") = "1. MultiplyMatrix", "MatrixMultiplication\1. MultiplyMatrix.csproj", "{F93E5A43-0119-4961-B21C-BDF4A1FBE9AD}"
EndProject
Project("{FAE04EC0-301F-11D3-BF4B-00C04F79EFBC}") = "2. Orders", "Orders\2. Orders.csproj", "{32FFFB9D-C7B7-4D0B-9392-231F62595912}"
EndProject
Project("{FAE04EC0-301F-11D3-BF4B-00C04F79EFBC}") = "Minesweeper", "Minesweeper\Minesweeper.csproj", "{67A7A5FE-2313-475F-B2D6-49E6798FCF98}"
EndProject
Global
	GlobalSection(SolutionConfigurationPlatforms) = preSolution
		Debug|Any CPU = Debug|Any CPU
		Release|Any CPU = Release|Any CPU
	EndGlobalSection
	GlobalSection(ProjectConfigurationPlatforms) = postSolution
		{F93E5A43-0119-4961-B21C-BDF4A1FBE9AD}.Debug|Any CPU.ActiveCfg = Debug|Any CPU
		{F93E5A43-0119-4961-B21C-BDF4A1FBE9AD}.Debug|Any CPU.Build.0 = Debug|Any CPU
		{F93E5A43-0119-4961-B21C-BDF4A1FBE9AD}.Release|Any CPU.ActiveCfg = Release|Any CPU
		{F93E5A43-0119-4961-B21C-BDF4A1FBE9AD}.Release|Any CPU.Build.0 = Release|Any CPU
		{32FFFB9D-C7B7-4D0B-9392-231F62595912}.Debug|Any CPU.ActiveCfg = Debug|Any CPU
		{32FFFB9D-C7B7-4D0B-9392-231F62595912}.Debug|Any CPU.Build.0 = Debug|Any CPU
		{32FFFB9D-C7B7-4D0B-9392-231F62595912}.Release|Any CPU.ActiveCfg = Release|Any CPU
		{32FFFB9D-C7B7-4D0B-9392-231F62595912}.Release|Any CPU.Build.0 = Release|Any CPU
		{67A7A5FE-2313-475F-B2D6-49E6798FCF98}.Debug|Any CPU.ActiveCfg = Debug|Any CPU
		{67A7A5FE-2313-475F-B2D6-49E6798FCF98}.Debug|Any CPU.Build.0 = Debug|Any CPU
		{67A7A5FE-2313-475F-B2D6-49E6798FCF98}.Release|Any CPU.ActiveCfg = Release|Any CPU
		{67A7A5FE-2313-475F-B2D6-49E6798FCF98}.Release|Any CPU.Build.0 = Release|Any CPU
	EndGlobalSection
	GlobalSection(SolutionProperties) = preSolution
		HideSolutionNode = FALSE
	EndGlobalSection
EndGlobal
